
Microsoft Visual Studio Solution File, Format Version 12.00
# Visual Studio Version 17
VisualStudioVersion = 17.7.34031.279
MinimumVisualStudioVersion = 10.0.40219.1
Project("{888888A0-9F3D-457C-B088-3A5042F75D52}") = "Tabla de Multiplicar Python", "Tabla de Multiplicar Python\Tabla de Multiplicar Python.pyproj", "{34625245-B780-4AB8-BD81-0EC098A86E47}"
EndProject
Global
	GlobalSection(SolutionConfigurationPlatforms) = preSolution
		Debug|Any CPU = Debug|Any CPU
		Release|Any CPU = Release|Any CPU
	EndGlobalSection
	GlobalSection(ProjectConfigurationPlatforms) = postSolution
		{34625245-B780-4AB8-BD81-0EC098A86E47}.Debug|Any CPU.ActiveCfg = Debug|Any CPU
		{34625245-B780-4AB8-BD81-0EC098A86E47}.Release|Any CPU.ActiveCfg = Release|Any CPU
	EndGlobalSection
	GlobalSection(SolutionProperties) = preSolution
		HideSolutionNode = FALSE
	EndGlobalSection
	GlobalSection(ExtensibilityGlobals) = postSolution
		SolutionGuid = {0FD8796D-C9B1-45A3-80D6-902BE36020B6}
	EndGlobalSection
EndGlobal
